
Microsoft Visual Studio Solution File, Format Version 12.00
# Visual Studio Version 16
VisualStudioVersion = 16.0.29709.97
MinimumVisualStudioVersion = 10.0.40219.1
Project("{FAE04EC0-301F-11D3-BF4B-00C04F79EFBC}") = "ASPCityInfo", "ASPCityInfo.csproj", "{A96E36A1-8DCB-4032-AA6C-B33DAEE06957}"
EndProject
Global
	GlobalSection(SolutionConfigurationPlatforms) = preSolution
		Debug|Any CPU = Debug|Any CPU
		Release|Any CPU = Release|Any CPU
	EndGlobalSection
	GlobalSection(ProjectConfigurationPlatforms) = postSolution
		{A96E36A1-8DCB-4032-AA6C-B33DAEE06957}.Debug|Any CPU.ActiveCfg = Debug|Any CPU
		{A96E36A1-8DCB-4032-AA6C-B33DAEE06957}.Debug|Any CPU.Build.0 = Debug|Any CPU
		{A96E36A1-8DCB-4032-AA6C-B33DAEE06957}.Release|Any CPU.ActiveCfg = Release|Any CPU
		{A96E36A1-8DCB-4032-AA6C-B33DAEE06957}.Release|Any CPU.Build.0 = Release|Any CPU
	EndGlobalSection
	GlobalSection(SolutionProperties) = preSolution
		HideSolutionNode = FALSE
	EndGlobalSection
	GlobalSection(ExtensibilityGlobals) = postSolution
		SolutionGuid = {9B9362BA-D53D-4E19-9698-5576A84715AE}
	EndGlobalSection
EndGlobal
